
Microsoft Visual Studio Solution File, Format Version 12.00
# Visual Studio 14
VisualStudioVersion = 14.0.24720.0
MinimumVisualStudioVersion = 10.0.40219.1
Project("{FAE04EC0-301F-11D3-BF4B-00C04F79EFBC}") = "AlgorithmsI", "AlgorithmsI\AlgorithmsI.csproj", "{03DDA848-C1E7-47EA-9108-FAC38E182D67}"
EndProject
Project("{FAE04EC0-301F-11D3-BF4B-00C04F79EFBC}") = "AlgorithmsI.LinkedLists", "AlgorithmsI.LinkedLists\AlgorithmsI.LinkedLists.csproj", "{AFB758D9-554E-4DA9-9BA2-EE834E4C75B7}"
EndProject
Project("{FAE04EC0-301F-11D3-BF4B-00C04F79EFBC}") = "AlgorithmsI.ArrayList", "AlgorithmsI.ArrayList\AlgorithmsI.ArrayList.csproj", "{893526C2-BB5E-4DDE-ADA5-535B51660C49}"
EndProject
Project("{FAE04EC0-301F-11D3-BF4B-00C04F79EFBC}") = "AlgorithmsI.StacksAndQueues", "AlgorithmsI.StacksAndQueues\AlgorithmsI.StacksAndQueues.csproj", "{7652E88A-D744-490A-A92A-8C1C5EF31C7D}"
EndProject
Project("{FAE04EC0-301F-11D3-BF4B-00C04F79EFBC}") = "AlgorithmsI.Sets", "AlgorithmsI.Sets\AlgorithmsI.Sets.csproj", "{27AD74D8-1C3F-46A3-A4C2-732EC20E1CE1}"
EndProject
Project("{FAE04EC0-301F-11D3-BF4B-00C04F79EFBC}") = "AlgorithmsI.BinarySearchTree", "AlgorithmsI.BinarySearchTree\AlgorithmsI.BinarySearchTree.csproj", "{37DE12F9-2C8C-4265-84E1-4AEE7165D1CA}"
EndProject
Project("{FAE04EC0-301F-11D3-BF4B-00C04F79EFBC}") = "AlgorithmsI.Sorting", "AlgorithmsI.Sorting\AlgorithmsI.Sorting.csproj", "{DC98D443-EB44-4780-9A5F-03F23D62CDCE}"
EndProject
Global
	GlobalSection(SolutionConfigurationPlatforms) = preSolution
		Debug|Any CPU = Debug|Any CPU
		Release|Any CPU = Release|Any CPU
	EndGlobalSection
	GlobalSection(ProjectConfigurationPlatforms) = postSolution
		{03DDA848-C1E7-47EA-9108-FAC38E182D67}.Debug|Any CPU.ActiveCfg = Debug|Any CPU
		{03DDA848-C1E7-47EA-9108-FAC38E182D67}.Debug|Any CPU.Build.0 = Debug|Any CPU
		{03DDA848-C1E7-47EA-9108-FAC38E182D67}.Release|Any CPU.ActiveCfg = Release|Any CPU
		{03DDA848-C1E7-47EA-9108-FAC38E182D67}.Release|Any CPU.Build.0 = Release|Any CPU
		{AFB758D9-554E-4DA9-9BA2-EE834E4C75B7}.Debug|Any CPU.ActiveCfg = Debug|Any CPU
		{AFB758D9-554E-4DA9-9BA2-EE834E4C75B7}.Debug|Any CPU.Build.0 = Debug|Any CPU
		{AFB758D9-554E-4DA9-9BA2-EE834E4C75B7}.Release|Any CPU.ActiveCfg = Release|Any CPU
		{AFB758D9-554E-4DA9-9BA2-EE834E4C75B7}.Release|Any CPU.Build.0 = Release|Any CPU
		{893526C2-BB5E-4DDE-ADA5-535B51660C49}.Debug|Any CPU.ActiveCfg = Debug|Any CPU
		{893526C2-BB5E-4DDE-ADA5-535B51660C49}.Debug|Any CPU.Build.0 = Debug|Any CPU
		{893526C2-BB5E-4DDE-ADA5-535B51660C49}.Release|Any CPU.ActiveCfg = Release|Any CPU
		{893526C2-BB5E-4DDE-ADA5-535B51660C49}.Release|Any CPU.Build.0 = Release|Any CPU
		{7652E88A-D744-490A-A92A-8C1C5EF31C7D}.Debug|Any CPU.ActiveCfg = Debug|Any CPU
		{7652E88A-D744-490A-A92A-8C1C5EF31C7D}.Debug|Any CPU.Build.0 = Debug|Any CPU
		{7652E88A-D744-490A-A92A-8C1C5EF31C7D}.Release|Any CPU.ActiveCfg = Release|Any CPU
		{7652E88A-D744-490A-A92A-8C1C5EF31C7D}.Release|Any CPU.Build.0 = Release|Any CPU
		{27AD74D8-1C3F-46A3-A4C2-732EC20E1CE1}.Debug|Any CPU.ActiveCfg = Debug|Any CPU
		{27AD74D8-1C3F-46A3-A4C2-732EC20E1CE1}.Debug|Any CPU.Build.0 = Debug|Any CPU
		{27AD74D8-1C3F-46A3-A4C2-732EC20E1CE1}.Release|Any CPU.ActiveCfg = Release|Any CPU
		{27AD74D8-1C3F-46A3-A4C2-732EC20E1CE1}.Release|Any CPU.Build.0 = Release|Any CPU
		{37DE12F9-2C8C-4265-84E1-4AEE7165D1CA}.Debug|Any CPU.ActiveCfg = Debug|Any CPU
		{37DE12F9-2C8C-4265-84E1-4AEE7165D1CA}.Debug|Any CPU.Build.0 = Debug|Any CPU
		{37DE12F9-2C8C-4265-84E1-4AEE7165D1CA}.Release|Any CPU.ActiveCfg = Release|Any CPU
		{37DE12F9-2C8C-4265-84E1-4AEE7165D1CA}.Release|Any CPU.Build.0 = Release|Any CPU
		{DC98D443-EB44-4780-9A5F-03F23D62CDCE}.Debug|Any CPU.ActiveCfg = Debug|Any CPU
		{DC98D443-EB44-4780-9A5F-03F23D62CDCE}.Debug|Any CPU.Build.0 = Debug|Any CPU
		{DC98D443-EB44-4780-9A5F-03F23D62CDCE}.Release|Any CPU.ActiveCfg = Release|Any CPU
		{DC98D443-EB44-4780-9A5F-03F23D62CDCE}.Release|Any CPU.Build.0 = Release|Any CPU
	EndGlobalSection
	GlobalSection(SolutionProperties) = preSolution
		HideSolutionNode = FALSE
	EndGlobalSection
EndGlobal
